
Microsoft Visual Studio Solution File, Format Version 12.00
# Visual Studio Version 16
VisualStudioVersion = 16.0.30413.136
MinimumVisualStudioVersion = 10.0.40219.1
Project("{FAE04EC0-301F-11D3-BF4B-00C04F79EFBC}") = "SpeechApp", "SpeechApp\SpeechApp.csproj", "{43E8F9BE-62C9-4C90-A95B-0200BD1A67BE}"
EndProject
Global
	GlobalSection(SolutionConfigurationPlatforms) = preSolution
		Debug|Any CPU = Debug|Any CPU
		Release|Any CPU = Release|Any CPU
	EndGlobalSection
	GlobalSection(ProjectConfigurationPlatforms) = postSolution
		{43E8F9BE-62C9-4C90-A95B-0200BD1A67BE}.Debug|Any CPU.ActiveCfg = Debug|Any CPU
		{43E8F9BE-62C9-4C90-A95B-0200BD1A67BE}.Debug|Any CPU.Build.0 = Debug|Any CPU
		{43E8F9BE-62C9-4C90-A95B-0200BD1A67BE}.Release|Any CPU.ActiveCfg = Release|Any CPU
		{43E8F9BE-62C9-4C90-A95B-0200BD1A67BE}.Release|Any CPU.Build.0 = Release|Any CPU
	EndGlobalSection
	GlobalSection(SolutionProperties) = preSolution
		HideSolutionNode = FALSE
	EndGlobalSection
	GlobalSection(ExtensibilityGlobals) = postSolution
		SolutionGuid = {CA7BE704-BFC2-496E-B643-4CFC09894B37}
	EndGlobalSection
EndGlobal
